
Microsoft Visual Studio Solution File, Format Version 12.00
# Visual Studio 15
Project("{FAE04EC0-301F-11D3-BF4B-00C04F79EFBC}") = "FoodAnalyzer", "FoodAnalyzer\FoodAnalyzer.csproj", "{680AE63F-4E25-4E87-9215-BB1A2F82AC4B}"
EndProject
Global
	GlobalSection(SolutionConfigurationPlatforms) = preSolution
		Debug|Any CPU = Debug|Any CPU
		Release|Any CPU = Release|Any CPU
	EndGlobalSection
	GlobalSection(ProjectConfigurationPlatforms) = postSolution
		{680AE63F-4E25-4E87-9215-BB1A2F82AC4B}.Debug|Any CPU.ActiveCfg = Debug|Any CPU
		{680AE63F-4E25-4E87-9215-BB1A2F82AC4B}.Debug|Any CPU.Build.0 = Debug|Any CPU
		{680AE63F-4E25-4E87-9215-BB1A2F82AC4B}.Release|Any CPU.ActiveCfg = Release|Any CPU
		{680AE63F-4E25-4E87-9215-BB1A2F82AC4B}.Release|Any CPU.Build.0 = Release|Any CPU
	EndGlobalSection
EndGlobal
